// !$*UTF8*$!
{
	archiveVersion = 1;
	classes = {
	};
	objectVersion = 50;
	objects = {

/* Begin PBXBuildFile section */
		07734EA821F109D100BB9EFA /* AppDelegate.swift in Sources */ = {isa = PBXBuildFile; fileRef = 07734EA721F109D100BB9EFA /* AppDelegate.swift */; };
		07734EAA21F109D100BB9EFA /* ContactsViewController.swift in Sources */ = {isa = PBXBuildFile; fileRef = 07734EA921F109D100BB9EFA /* ContactsViewController.swift */; };
		07734EAC21F109D100BB9EFA /* ContactViewController.swift in Sources */ = {isa = PBXBuildFile; fileRef = 07734EAB21F109D100BB9EFA /* ContactViewController.swift */; };
		07734EAF21F109D100BB9EFA /* Main.storyboard in Resources */ = {isa = PBXBuildFile; fileRef = 07734EAD21F109D100BB9EFA /* Main.storyboard */; };
		07734EB121F109D300BB9EFA /* Assets.xcassets in Resources */ = {isa = PBXBuildFile; fileRef = 07734EB021F109D300BB9EFA /* Assets.xcassets */; };
		07734EB421F109D300BB9EFA /* LaunchScreen.storyboard in Resources */ = {isa = PBXBuildFile; fileRef = 07734EB221F109D300BB9EFA /* LaunchScreen.storyboard */; };
		07734ED921F10BBC00BB9EFA /* LLVS.framework in Frameworks */ = {isa = PBXBuildFile; fileRef = 07734ED821F10BBC00BB9EFA /* LLVS.framework */; };
		07734EDA21F10BBC00BB9EFA /* LLVS.framework in Embed Frameworks */ = {isa = PBXBuildFile; fileRef = 07734ED821F10BBC00BB9EFA /* LLVS.framework */; settings = {ATTRIBUTES = (CodeSignOnCopy, RemoveHeadersOnCopy, ); }; };
		07734EDF21F10CC300BB9EFA /* Contact.swift in Sources */ = {isa = PBXBuildFile; fileRef = 07734EDE21F10CC300BB9EFA /* Contact.swift */; };
		07734EE321F11EC200BB9EFA /* PropertiesContainer.swift in Sources */ = {isa = PBXBuildFile; fileRef = 07734EE221F11EC200BB9EFA /* PropertiesContainer.swift */; };
		07734EF021F5140800BB9EFA /* ContactBook.swift in Sources */ = {isa = PBXBuildFile; fileRef = 07734EEF21F5140800BB9EFA /* ContactBook.swift */; };
		0787521722441ACB0041780E /* CloudKit.framework in Frameworks */ = {isa = PBXBuildFile; fileRef = 0787521622441ACB0041780E /* CloudKit.framework */; };
		079D144021F6482B0091BCA9 /* Fault.swift in Sources */ = {isa = PBXBuildFile; fileRef = 079D143F21F6482B0091BCA9 /* Fault.swift */; };
/* End PBXBuildFile section */

/* Begin PBXContainerItemProxy section */
		07734EC221F10B2700BB9EFA /* PBXContainerItemProxy */ = {
			isa = PBXContainerItemProxy;
			containerPortal = 07734EBB21F10B2700BB9EFA /* LLVS.xcodeproj */;
			proxyType = 2;
			remoteGlobalIDString = "LLVS::LLVS::Product";
			remoteInfo = LLVS;
		};
		07734EC421F10B2700BB9EFA /* PBXContainerItemProxy */ = {
			isa = PBXContainerItemProxy;
			containerPortal = 07734EBB21F10B2700BB9EFA /* LLVS.xcodeproj */;
			proxyType = 2;
			remoteGlobalIDString = "LLVS::LLVSTests::Product";
			remoteInfo = LLVSTests;
		};
		07734ED721F10BBC00BB9EFA /* PBXContainerItemProxy */ = {
			isa = PBXContainerItemProxy;
			containerPortal = 07734EBB21F10B2700BB9EFA /* LLVS.xcodeproj */;
			proxyType = 2;
			remoteGlobalIDString = 07734ED421F10B7600BB9EFA;
			remoteInfo = "LLVS-iOS";
		};
		07734EDB21F10BBC00BB9EFA /* PBXContainerItemProxy */ = {
			isa = PBXContainerItemProxy;
			containerPortal = 07734EBB21F10B2700BB9EFA /* LLVS.xcodeproj */;
			proxyType = 1;
			remoteGlobalIDString = 07734EC621F10B7600BB9EFA;
			remoteInfo = "LLVS-iOS";
		};
/* End PBXContainerItemProxy section */

/* Begin PBXCopyFilesBuildPhase section */
		07734EDD21F10BBC00BB9EFA /* Embed Frameworks */ = {
			isa = PBXCopyFilesBuildPhase;
			buildActionMask = 2147483647;
			dstPath = "";
			dstSubfolderSpec = 10;
			files = (
				07734EDA21F10BBC00BB9EFA /* LLVS.framework in Embed Frameworks */,
			);
			name = "Embed Frameworks";
			runOnlyForDeploymentPostprocessing = 0;
		};
/* End PBXCopyFilesBuildPhase section */

/* Begin PBXFileReference section */
		07734EA421F109D100BB9EFA /* LoCo.app */ = {isa = PBXFileReference; explicitFileType = wrapper.application; includeInIndex = 0; path = LoCo.app; sourceTree = BUILT_PRODUCTS_DIR; };
		07734EA721F109D100BB9EFA /* AppDelegate.swift */ = {isa = PBXFileReference; lastKnownFileType = sourcecode.swift; path = AppDelegate.swift; sourceTree = "<group>"; };
		07734EA921F109D100BB9EFA /* ContactsViewController.swift */ = {isa = PBXFileReference; lastKnownFileType = sourcecode.swift; path = ContactsViewController.swift; sourceTree = "<group>"; };
		07734EAB21F109D100BB9EFA /* ContactViewController.swift */ = {isa = PBXFileReference; lastKnownFileType = sourcecode.swift; path = ContactViewController.swift; sourceTree = "<group>"; };
		07734EAE21F109D100BB9EFA /* Base */ = {isa = PBXFileReference; lastKnownFileType = file.storyboard; name = Base; path = Base.lproj/Main.storyboard; sourceTree = "<group>"; };
		07734EB021F109D300BB9EFA /* Assets.xcassets */ = {isa = PBXFileReference; lastKnownFileType = folder.assetcatalog; path = Assets.xcassets; sourceTree = "<group>"; };
		07734EB321F109D300BB9EFA /* Base */ = {isa = PBXFileReference; lastKnownFileType = file.storyboard; name = Base; path = Base.lproj/LaunchScreen.storyboard; sourceTree = "<group>"; };
		07734EB521F109D300BB9EFA /* Info.plist */ = {isa = PBXFileReference; lastKnownFileType = text.plist.xml; path = Info.plist; sourceTree = "<group>"; };
		07734EBB21F10B2700BB9EFA /* LLVS.xcodeproj */ = {isa = PBXFileReference; lastKnownFileType = "wrapper.pb-project"; name = LLVS.xcodeproj; path = ../../LLVS.xcodeproj; sourceTree = "<group>"; };
		07734EDE21F10CC300BB9EFA /* Contact.swift */ = {isa = PBXFileReference; lastKnownFileType = sourcecode.swift; path = Contact.swift; sourceTree = "<group>"; };
		07734EE221F11EC200BB9EFA /* PropertiesContainer.swift */ = {isa = PBXFileReference; lastKnownFileType = sourcecode.swift; path = PropertiesContainer.swift; sourceTree = "<group>"; };
		07734EEF21F5140800BB9EFA /* ContactBook.swift */ = {isa = PBXFileReference; lastKnownFileType = sourcecode.swift; path = ContactBook.swift; sourceTree = "<group>"; };
		0787521422441AC90041780E /* LoCo.entitlements */ = {isa = PBXFileReference; lastKnownFileType = text.plist.entitlements; path = LoCo.entitlements; sourceTree = "<group>"; };
		0787521622441ACB0041780E /* CloudKit.framework */ = {isa = PBXFileReference; lastKnownFileType = wrapper.framework; name = CloudKit.framework; path = System/Library/Frameworks/CloudKit.framework; sourceTree = SDKROOT; };
		079D143F21F6482B0091BCA9 /* Fault.swift */ = {isa = PBXFileReference; lastKnownFileType = sourcecode.swift; path = Fault.swift; sourceTree = "<group>"; };
/* End PBXFileReference section */

/* Begin PBXFrameworksBuildPhase section */
		07734EA121F109D100BB9EFA /* Frameworks */ = {
			isa = PBXFrameworksBuildPhase;
			buildActionMask = 2147483647;
			files = (
				07734ED921F10BBC00BB9EFA /* LLVS.framework in Frameworks */,
				0787521722441ACB0041780E /* CloudKit.framework in Frameworks */,
			);
			runOnlyForDeploymentPostprocessing = 0;
		};
/* End PBXFrameworksBuildPhase section */

/* Begin PBXGroup section */
		07734E9B21F109D100BB9EFA = {
			isa = PBXGroup;
			children = (
				07734EBB21F10B2700BB9EFA /* LLVS.xcodeproj */,
				07734EA621F109D100BB9EFA /* LoCo */,
				07734EA521F109D100BB9EFA /* Products */,
				0787521522441ACB0041780E /* Frameworks */,
			);
			sourceTree = "<group>";
		};
		07734EA521F109D100BB9EFA /* Products */ = {
			isa = PBXGroup;
			children = (
				07734EA421F109D100BB9EFA /* LoCo.app */,
			);
			name = Products;
			sourceTree = "<group>";
		};
		07734EA621F109D100BB9EFA /* LoCo */ = {
			isa = PBXGroup;
			children = (
				0787521422441AC90041780E /* LoCo.entitlements */,
				07734EA721F109D100BB9EFA /* AppDelegate.swift */,
				07734EA921F109D100BB9EFA /* ContactsViewController.swift */,
				07734EAB21F109D100BB9EFA /* ContactViewController.swift */,
				07734EEF21F5140800BB9EFA /* ContactBook.swift */,
				07734EDE21F10CC300BB9EFA /* Contact.swift */,
				079D143F21F6482B0091BCA9 /* Fault.swift */,
				07734EE221F11EC200BB9EFA /* PropertiesContainer.swift */,
				07734EAD21F109D100BB9EFA /* Main.storyboard */,
				07734EB021F109D300BB9EFA /* Assets.xcassets */,
				07734EB221F109D300BB9EFA /* LaunchScreen.storyboard */,
				07734EB521F109D300BB9EFA /* Info.plist */,
			);
			path = LoCo;
			sourceTree = "<group>";
		};
		07734EBC21F10B2700BB9EFA /* Products */ = {
			isa = PBXGroup;
			children = (
				07734EC321F10B2700BB9EFA /* LLVS.framework */,
				07734EC521F10B2700BB9EFA /* LLVSTests.xctest */,
				07734ED821F10BBC00BB9EFA /* LLVS.framework */,
			);
			name = Products;
			sourceTree = "<group>";
		};
		0787521522441ACB0041780E /* Frameworks */ = {
			isa = PBXGroup;
			children = (
				0787521622441ACB0041780E /* CloudKit.framework */,
			);
			name = Frameworks;
			sourceTree = "<group>";
		};
/* End PBXGroup section */

/* Begin PBXNativeTarget section */
		07734EA321F109D100BB9EFA /* LoCo */ = {
			isa = PBXNativeTarget;
			buildConfigurationList = 07734EB821F109D300BB9EFA /* Build configuration list for PBXNativeTarget "LoCo" */;
			buildPhases = (
				07734EA021F109D100BB9EFA /* Sources */,
				07734EA121F109D100BB9EFA /* Frameworks */,
				07734EA221F109D100BB9EFA /* Resources */,
				07734EDD21F10BBC00BB9EFA /* Embed Frameworks */,
			);
			buildRules = (
			);
			dependencies = (
				07734EDC21F10BBC00BB9EFA /* PBXTargetDependency */,
			);
			name = LoCo;
			productName = LoCo;
			productReference = 07734EA421F109D100BB9EFA /* LoCo.app */;
			productType = "com.apple.product-type.application";
		};
/* End PBXNativeTarget section */

/* Begin PBXProject section */
		07734E9C21F109D100BB9EFA /* Project object */ = {
			isa = PBXProject;
			attributes = {
				LastSwiftUpdateCheck = 1010;
				LastUpgradeCheck = 1010;
				ORGANIZATIONNAME = "The Mental Faculty B.V.";
				TargetAttributes = {
					07734EA321F109D100BB9EFA = {
						CreatedOnToolsVersion = 10.1;
						SystemCapabilities = {
							com.apple.Push = {
								enabled = 1;
							};
							com.apple.iCloud = {
								enabled = 1;
							};
						};
					};
				};
			};
			buildConfigurationList = 07734E9F21F109D100BB9EFA /* Build configuration list for PBXProject "LoCo" */;
			compatibilityVersion = "Xcode 9.3";
			developmentRegion = en;
			hasScannedForEncodings = 0;
			knownRegions = (
				en,
				Base,
			);
			mainGroup = 07734E9B21F109D100BB9EFA;
			productRefGroup = 07734EA521F109D100BB9EFA /* Products */;
			projectDirPath = "";
			projectReferences = (
				{
					ProductGroup = 07734EBC21F10B2700BB9EFA /* Products */;
					ProjectRef = 07734EBB21F10B2700BB9EFA /* LLVS.xcodeproj */;
				},
			);
			projectRoot = "";
			targets = (
				07734EA321F109D100BB9EFA /* LoCo */,
			);
		};
/* End PBXProject section */

/* Begin PBXReferenceProxy section */
		07734EC321F10B2700BB9EFA /* LLVS.framework */ = {
			isa = PBXReferenceProxy;
			fileType = wrapper.framework;
			path = LLVS.framework;
			remoteRef = 07734EC221F10B2700BB9EFA /* PBXContainerItemProxy */;
			sourceTree = BUILT_PRODUCTS_DIR;
		};
		07734EC521F10B2700BB9EFA /* LLVSTests.xctest */ = {
			isa = PBXReferenceProxy;
			fileType = wrapper.cfbundle;
			path = LLVSTests.xctest;
			remoteRef = 07734EC421F10B2700BB9EFA /* PBXContainerItemProxy */;
			sourceTree = BUILT_PRODUCTS_DIR;
		};
		07734ED821F10BBC00BB9EFA /* LLVS.framework */ = {
			isa = PBXReferenceProxy;
			fileType = wrapper.framework;
			path = LLVS.framework;
			remoteRef = 07734ED721F10BBC00BB9EFA /* PBXContainerItemProxy */;
			sourceTree = BUILT_PRODUCTS_DIR;
		};
/* End PBXReferenceProxy section */

/* Begin PBXResourcesBuildPhase section */
		07734EA221F109D100BB9EFA /* Resources */ = {
			isa = PBXResourcesBuildPhase;
			buildActionMask = 2147483647;
			files = (
				07734EB421F109D300BB9EFA /* LaunchScreen.storyboard in Resources */,
				07734EB121F109D300BB9EFA /* Assets.xcassets in Resources */,
				07734EAF21F109D100BB9EFA /* Main.storyboard in Resources */,
			);
			runOnlyForDeploymentPostprocessing = 0;
		};
/* End PBXResourcesBuildPhase section */

/* Begin PBXSourcesBuildPhase section */
		07734EA021F109D100BB9EFA /* Sources */ = {
			isa = PBXSourcesBuildPhase;
			buildActionMask = 2147483647;
			files = (
				07734EDF21F10CC300BB9EFA /* Contact.swift in Sources */,
				07734EE321F11EC200BB9EFA /* PropertiesContainer.swift in Sources */,
				07734EAC21F109D100BB9EFA /* ContactViewController.swift in Sources */,
				07734EAA21F109D100BB9EFA /* ContactsViewController.swift in Sources */,
				07734EA821F109D100BB9EFA /* AppDelegate.swift in Sources */,
				07734EF021F5140800BB9EFA /* ContactBook.swift in Sources */,
				079D144021F6482B0091BCA9 /* Fault.swift in Sources */,
			);
			runOnlyForDeploymentPostprocessing = 0;
		};
/* End PBXSourcesBuildPhase section */

/* Begin PBXTargetDependency section */
		07734EDC21F10BBC00BB9EFA /* PBXTargetDependency */ = {
			isa = PBXTargetDependency;
			name = "LLVS-iOS";
			targetProxy = 07734EDB21F10BBC00BB9EFA /* PBXContainerItemProxy */;
		};
/* End PBXTargetDependency section */

/* Begin PBXVariantGroup section */
		07734EAD21F109D100BB9EFA /* Main.storyboard */ = {
			isa = PBXVariantGroup;
			children = (
				07734EAE21F109D100BB9EFA /* Base */,
			);
			name = Main.storyboard;
			sourceTree = "<group>";
		};
		07734EB221F109D300BB9EFA /* LaunchScreen.storyboard */ = {
			isa = PBXVariantGroup;
			children = (
				07734EB321F109D300BB9EFA /* Base */,
			);
			name = LaunchScreen.storyboard;
			sourceTree = "<group>";
		};
/* End PBXVariantGroup section */

/* Begin XCBuildConfiguration section */
		07734EB621F109D300BB9EFA /* Debug */ = {
			isa = XCBuildConfiguration;
			buildSettings = {
				ALWAYS_SEARCH_USER_PATHS = NO;
				CLANG_ANALYZER_NONNULL = YES;
				CLANG_ANALYZER_NUMBER_OBJECT_CONVERSION = YES_AGGRESSIVE;
				CLANG_CXX_LANGUAGE_STANDARD = "gnu++14";
				CLANG_CXX_LIBRARY = "libc++";
				CLANG_ENABLE_MODULES = YES;
				CLANG_ENABLE_OBJC_ARC = YES;
				CLANG_ENABLE_OBJC_WEAK = YES;
				CLANG_WARN_BLOCK_CAPTURE_AUTORELEASING = YES;
				CLANG_WARN_BOOL_CONVERSION = YES;
				CLANG_WARN_COMMA = YES;
				CLANG_WARN_CONSTANT_CONVERSION = YES;
				CLANG_WARN_DEPRECATED_OBJC_IMPLEMENTATIONS = YES;
				CLANG_WARN_DIRECT_OBJC_ISA_USAGE = YES_ERROR;
				CLANG_WARN_DOCUMENTATION_COMMENTS = YES;
				CLANG_WARN_EMPTY_BODY = YES;
				CLANG_WARN_ENUM_CONVERSION = YES;
				CLANG_WARN_INFINITE_RECURSION = YES;
				CLANG_WARN_INT_CONVERSION = YES;
				CLANG_WARN_NON_LITERAL_NULL_CONVERSION = YES;
				CLANG_WARN_OBJC_IMPLICIT_RETAIN_SELF = YES;
				CLANG_WARN_OBJC_LITERAL_CONVERSION = YES;
				CLANG_WARN_OBJC_ROOT_CLASS = YES_ERROR;
				CLANG_WARN_RANGE_LOOP_ANALYSIS = YES;
				CLANG_WARN_STRICT_PROTOTYPES = YES;
				CLANG_WARN_SUSPICIOUS_MOVE = YES;
				CLANG_WARN_UNGUARDED_AVAILABILITY = YES_AGGRESSIVE;
				CLANG_WARN_UNREACHABLE_CODE = YES;
				CLANG_WARN__DUPLICATE_METHOD_MATCH = YES;
				CODE_SIGN_IDENTITY = "iPhone Developer";
				COPY_PHASE_STRIP = NO;
				DEBUG_INFORMATION_FORMAT = dwarf;
				ENABLE_STRICT_OBJC_MSGSEND = YES;
				ENABLE_TESTABILITY = YES;
				GCC_C_LANGUAGE_STANDARD = gnu11;
				GCC_DYNAMIC_NO_PIC = NO;
				GCC_NO_COMMON_BLOCKS = YES;
				GCC_OPTIMIZATION_LEVEL = 0;
				GCC_PREPROCESSOR_DEFINITIONS = (
					"DEBUG=1",
					"$(inherited)",
				);
				GCC_WARN_64_TO_32_BIT_CONVERSION = YES;
				GCC_WARN_ABOUT_RETURN_TYPE = YES_ERROR;
				GCC_WARN_UNDECLARED_SELECTOR = YES;
				GCC_WARN_UNINITIALIZED_AUTOS = YES_AGGRESSIVE;
				GCC_WARN_UNUSED_FUNCTION = YES;
				GCC_WARN_UNUSED_VARIABLE = YES;
				IPHONEOS_DEPLOYMENT_TARGET = 12.1;
				MTL_ENABLE_DEBUG_INFO = INCLUDE_SOURCE;
				MTL_FAST_MATH = YES;
				ONLY_ACTIVE_ARCH = YES;
				SDKROOT = iphoneos;
				SWIFT_ACTIVE_COMPILATION_CONDITIONS = DEBUG;
				SWIFT_OPTIMIZATION_LEVEL = "-Onone";
				SWIFT_VERSION = 5.0;
			};
			name = Debug;
		};
		07734EB721F109D300BB9EFA /* Release */ = {
			isa = XCBuildConfiguration;
			buildSettings = {
				ALWAYS_SEARCH_USER_PATHS = NO;
				CLANG_ANALYZER_NONNULL = YES;
				CLANG_ANALYZER_NUMBER_OBJECT_CONVERSION = YES_AGGRESSIVE;
				CLANG_CXX_LANGUAGE_STANDARD = "gnu++14";
				CLANG_CXX_LIBRARY = "libc++";
				CLANG_ENABLE_MODULES = YES;
				CLANG_ENABLE_OBJC_ARC = YES;
				CLANG_ENABLE_OBJC_WEAK = YES;
				CLANG_WARN_BLOCK_CAPTURE_AUTORELEASING = YES;
				CLANG_WARN_BOOL_CONVERSION = YES;
				CLANG_WARN_COMMA = YES;
				CLANG_WARN_CONSTANT_CONVERSION = YES;
				CLANG_WARN_DEPRECATED_OBJC_IMPLEMENTATIONS = YES;
				CLANG_WARN_DIRECT_OBJC_ISA_USAGE = YES_ERROR;
				CLANG_WARN_DOCUMENTATION_COMMENTS = YES;
				CLANG_WARN_EMPTY_BODY = YES;
				CLANG_WARN_ENUM_CONVERSION = YES;
				CLANG_WARN_INFINITE_RECURSION = YES;
				CLANG_WARN_INT_CONVERSION = YES;
				CLANG_WARN_NON_LITERAL_NULL_CONVERSION = YES;
				CLANG_WARN_OBJC_IMPLICIT_RETAIN_SELF = YES;
				CLANG_WARN_OBJC_LITERAL_CONVERSION = YES;
				CLANG_WARN_OBJC_ROOT_CLASS = YES_ERROR;
				CLANG_WARN_RANGE_LOOP_ANALYSIS = YES;
				CLANG_WARN_STRICT_PROTOTYPES = YES;
				CLANG_WARN_SUSPICIOUS_MOVE = YES;
				CLANG_WARN_UNGUARDED_AVAILABILITY = YES_AGGRESSIVE;
				CLANG_WARN_UNREACHABLE_CODE = YES;
				CLANG_WARN__DUPLICATE_METHOD_MATCH = YES;
				CODE_SIGN_IDENTITY = "iPhone Developer";
				COPY_PHASE_STRIP = NO;
				DEBUG_INFORMATION_FORMAT = "dwarf-with-dsym";
				ENABLE_NS_ASSERTIONS = NO;
				ENABLE_STRICT_OBJC_MSGSEND = YES;
				GCC_C_LANGUAGE_STANDARD = gnu11;
				GCC_NO_COMMON_BLOCKS = YES;
				GCC_WARN_64_TO_32_BIT_CONVERSION = YES;
				GCC_WARN_ABOUT_RETURN_TYPE = YES_ERROR;
				GCC_WARN_UNDECLARED_SELECTOR = YES;
				GCC_WARN_UNINITIALIZED_AUTOS = YES_AGGRESSIVE;
				GCC_WARN_UNUSED_FUNCTION = YES;
				GCC_WARN_UNUSED_VARIABLE = YES;
				IPHONEOS_DEPLOYMENT_TARGET = 12.1;
				MTL_ENABLE_DEBUG_INFO = NO;
				MTL_FAST_MATH = YES;
				SDKROOT = iphoneos;
				SWIFT_COMPILATION_MODE = wholemodule;
				SWIFT_OPTIMIZATION_LEVEL = "-O";
				SWIFT_VERSION = 5.0;
				VALIDATE_PRODUCT = YES;
			};
			name = Release;
		};
		07734EB921F109D300BB9EFA /* Debug */ = {
			isa = XCBuildConfiguration;
			buildSettings = {
				ALWAYS_EMBED_SWIFT_STANDARD_LIBRARIES = YES;
				ASSETCATALOG_COMPILER_APPICON_NAME = AppIcon;
				CODE_SIGN_ENTITLEMENTS = LoCo/LoCo.entitlements;
				CODE_SIGN_STYLE = Automatic;
				DEVELOPMENT_TEAM = P7BXV6PHLD;
				INFOPLIST_FILE = LoCo/Info.plist;
				LD_RUNPATH_SEARCH_PATHS = (
					"$(inherited)",
					"@executable_path/Frameworks",
				);
				PRODUCT_BUNDLE_IDENTIFIER = com.mentalfaculty.LoCo;
				PRODUCT_NAME = "$(TARGET_NAME)";
				TARGETED_DEVICE_FAMILY = "1,2";
			};
			name = Debug;
		};
		07734EBA21F109D300BB9EFA /* Release */ = {
			isa = XCBuildConfiguration;
			buildSettings = {
				ALWAYS_EMBED_SWIFT_STANDARD_LIBRARIES = YES;
				ASSETCATALOG_COMPILER_APPICON_NAME = AppIcon;
				CODE_SIGN_ENTITLEMENTS = LoCo/LoCo.entitlements;
				CODE_SIGN_STYLE = Automatic;
				DEVELOPMENT_TEAM = P7BXV6PHLD;
				INFOPLIST_FILE = LoCo/Info.plist;
				LD_RUNPATH_SEARCH_PATHS = (
					"$(inherited)",
					"@executable_path/Frameworks",
				);
				PRODUCT_BUNDLE_IDENTIFIER = com.mentalfaculty.LoCo;
				PRODUCT_NAME = "$(TARGET_NAME)";
				TARGETED_DEVICE_FAMILY = "1,2";
			};
			name = Release;
		};
/* End XCBuildConfiguration section */

/* Begin XCConfigurationList section */
		07734E9F21F109D100BB9EFA /* Build configuration list for PBXProject "LoCo" */ = {
			isa = XCConfigurationList;
			buildConfigurations = (
				07734EB621F109D300BB9EFA /* Debug */,
				07734EB721F109D300BB9EFA /* Release */,
			);
			defaultConfigurationIsVisible = 0;
			defaultConfigurationName = Release;
		};
		07734EB821F109D300BB9EFA /* Build configuration list for PBXNativeTarget "LoCo" */ = {
			isa = XCConfigurationList;
			buildConfigurations = (
				07734EB921F109D300BB9EFA /* Debug */,
				07734EBA21F109D300BB9EFA /* Release */,
			);
			defaultConfigurationIsVisible = 0;
			defaultConfigurationName = Release;
		};
/* End XCConfigurationList section */
	};
	rootObject = 07734E9C21F109D100BB9EFA /* Project object */;
}
