// !$*UTF8*$!
{
	archiveVersion = 1;
	classes = {
	};
	objectVersion = 60;
	objects = {

/* Begin PBXBuildFile section */
		AA0001012D97B1E200000001 /* LoCoApp.swift in Sources */ = {isa = PBXBuildFile; fileRef = AA0002022D97B1E200000001 /* LoCoApp.swift */; };
		AA0001022D97B1E200000001 /* Contact.swift in Sources */ = {isa = PBXBuildFile; fileRef = AA0002032D97B1E200000001 /* Contact.swift */; };
		AA0001042D97B1E200000001 /* ContactStore.swift in Sources */ = {isa = PBXBuildFile; fileRef = AA0002052D97B1E200000001 /* ContactStore.swift */; };
		AA0001052D97B1E200000001 /* ContactsView.swift in Sources */ = {isa = PBXBuildFile; fileRef = AA0002062D97B1E200000001 /* ContactsView.swift */; };
		AA0001062D97B1E200000001 /* ContactView.swift in Sources */ = {isa = PBXBuildFile; fileRef = AA0002072D97B1E200000001 /* ContactView.swift */; };
		AA0001072D97B1E200000001 /* Assets.xcassets in Resources */ = {isa = PBXBuildFile; fileRef = AA0002082D97B1E200000001 /* Assets.xcassets */; };
		AA0001082D97B1E200000001 /* Preview Assets.xcassets in Resources */ = {isa = PBXBuildFile; fileRef = AA0002092D97B1E200000001 /* Preview Assets.xcassets */; };
		AA0001092D97B1E200000001 /* LLVS in Frameworks */ = {isa = PBXBuildFile; productRef = AA000A012D97B1E200000001 /* LLVS */; };
		AA00010A2D97B1E200000001 /* LLVSCloudKit in Frameworks */ = {isa = PBXBuildFile; productRef = AA000A022D97B1E200000001 /* LLVSCloudKit */; };
		AA00010B2D97B1E200000001 /* LLVSModel in Frameworks */ = {isa = PBXBuildFile; productRef = AA000A032D97B1E200000001 /* LLVSModel */; };
/* End PBXBuildFile section */

/* Begin PBXFileReference section */
		AA0002012D97B1E200000001 /* LoCo.app */ = {isa = PBXFileReference; explicitFileType = wrapper.application; includeInIndex = 0; path = LoCo.app; sourceTree = BUILT_PRODUCTS_DIR; };
		AA0002022D97B1E200000001 /* LoCoApp.swift */ = {isa = PBXFileReference; lastKnownFileType = sourcecode.swift; path = LoCoApp.swift; sourceTree = "<group>"; };
		AA0002032D97B1E200000001 /* Contact.swift */ = {isa = PBXFileReference; lastKnownFileType = sourcecode.swift; path = Contact.swift; sourceTree = "<group>"; };
		AA0002052D97B1E200000001 /* ContactStore.swift */ = {isa = PBXFileReference; lastKnownFileType = sourcecode.swift; path = ContactStore.swift; sourceTree = "<group>"; };
		AA0002062D97B1E200000001 /* ContactsView.swift */ = {isa = PBXFileReference; lastKnownFileType = sourcecode.swift; path = ContactsView.swift; sourceTree = "<group>"; };
		AA0002072D97B1E200000001 /* ContactView.swift */ = {isa = PBXFileReference; lastKnownFileType = sourcecode.swift; path = ContactView.swift; sourceTree = "<group>"; };
		AA0002082D97B1E200000001 /* Assets.xcassets */ = {isa = PBXFileReference; lastKnownFileType = folder.assetcatalog; path = Assets.xcassets; sourceTree = "<group>"; };
		AA0002092D97B1E200000001 /* Preview Assets.xcassets */ = {isa = PBXFileReference; lastKnownFileType = folder.assetcatalog; path = "Preview Assets.xcassets"; sourceTree = "<group>"; };
		AA00020A2D97B1E200000001 /* LoCo.entitlements */ = {isa = PBXFileReference; lastKnownFileType = text.plist.entitlements; path = LoCo.entitlements; sourceTree = "<group>"; };
/* End PBXFileReference section */

/* Begin PBXFrameworksBuildPhase section */
		AA0004012D97B1E200000001 /* Frameworks */ = {
			isa = PBXFrameworksBuildPhase;
			buildActionMask = 2147483647;
			files = (
				AA0001092D97B1E200000001 /* LLVS in Frameworks */,
				AA00010A2D97B1E200000001 /* LLVSCloudKit in Frameworks */,
				AA00010B2D97B1E200000001 /* LLVSModel in Frameworks */,
			);
			runOnlyForDeploymentPostprocessing = 0;
		};
/* End PBXFrameworksBuildPhase section */

/* Begin PBXGroup section */
		AA0003012D97B1E200000001 = {
			isa = PBXGroup;
			children = (
				AA0003032D97B1E200000001 /* LoCo */,
				AA0003022D97B1E200000001 /* Products */,
			);
			sourceTree = "<group>";
		};
		AA0003022D97B1E200000001 /* Products */ = {
			isa = PBXGroup;
			children = (
				AA0002012D97B1E200000001 /* LoCo.app */,
			);
			name = Products;
			sourceTree = "<group>";
		};
		AA0003032D97B1E200000001 /* LoCo */ = {
			isa = PBXGroup;
			children = (
				AA00020A2D97B1E200000001 /* LoCo.entitlements */,
				AA0002022D97B1E200000001 /* LoCoApp.swift */,
				AA0002032D97B1E200000001 /* Contact.swift */,
				AA0002052D97B1E200000001 /* ContactStore.swift */,
				AA0002062D97B1E200000001 /* ContactsView.swift */,
				AA0002072D97B1E200000001 /* ContactView.swift */,
				AA0002082D97B1E200000001 /* Assets.xcassets */,
				AA0003042D97B1E200000001 /* Preview Content */,
			);
			path = LoCo;
			sourceTree = "<group>";
		};
		AA0003042D97B1E200000001 /* Preview Content */ = {
			isa = PBXGroup;
			children = (
				AA0002092D97B1E200000001 /* Preview Assets.xcassets */,
			);
			path = "Preview Content";
			sourceTree = "<group>";
		};
/* End PBXGroup section */

/* Begin PBXNativeTarget section */
		AA0005012D97B1E200000001 /* LoCo */ = {
			isa = PBXNativeTarget;
			buildConfigurationList = AA0008022D97B1E200000001 /* Build configuration list for PBXNativeTarget "LoCo" */;
			buildPhases = (
				AA0004032D97B1E200000001 /* Sources */,
				AA0004012D97B1E200000001 /* Frameworks */,
				AA0004022D97B1E200000001 /* Resources */,
			);
			buildRules = (
			);
			dependencies = (
			);
			name = LoCo;
			packageProductDependencies = (
				AA000A012D97B1E200000001 /* LLVS */,
				AA000A022D97B1E200000001 /* LLVSCloudKit */,
				AA000A032D97B1E200000001 /* LLVSModel */,
			);
			productName = LoCo;
			productReference = AA0002012D97B1E200000001 /* LoCo.app */;
			productType = "com.apple.product-type.application";
		};
/* End PBXNativeTarget section */

/* Begin PBXProject section */
		AA0006012D97B1E200000001 /* Project object */ = {
			isa = PBXProject;
			attributes = {
				BuildIndependentTargetsInParallel = 1;
				LastSwiftUpdateCheck = 1600;
				LastUpgradeCheck = 2630;
				ORGANIZATIONNAME = "Momenta B.V.";
				TargetAttributes = {
					AA0005012D97B1E200000001 = {
						CreatedOnToolsVersion = 16.0;
					};
				};
			};
			buildConfigurationList = AA0008012D97B1E200000001 /* Build configuration list for PBXProject "LoCo" */;
			compatibilityVersion = "Xcode 14.0";
			developmentRegion = en;
			hasScannedForEncodings = 0;
			knownRegions = (
				en,
				Base,
			);
			mainGroup = AA0003012D97B1E200000001;
			packageReferences = (
				AA0009012D97B1E200000001 /* XCLocalSwiftPackageReference "../.." */,
			);
			productRefGroup = AA0003022D97B1E200000001 /* Products */;
			projectDirPath = "";
			projectRoot = "";
			targets = (
				AA0005012D97B1E200000001 /* LoCo */,
			);
		};
/* End PBXProject section */

/* Begin PBXResourcesBuildPhase section */
		AA0004022D97B1E200000001 /* Resources */ = {
			isa = PBXResourcesBuildPhase;
			buildActionMask = 2147483647;
			files = (
				AA0001082D97B1E200000001 /* Preview Assets.xcassets in Resources */,
				AA0001072D97B1E200000001 /* Assets.xcassets in Resources */,
			);
			runOnlyForDeploymentPostprocessing = 0;
		};
/* End PBXResourcesBuildPhase section */

/* Begin PBXSourcesBuildPhase section */
		AA0004032D97B1E200000001 /* Sources */ = {
			isa = PBXSourcesBuildPhase;
			buildActionMask = 2147483647;
			files = (
				AA0001012D97B1E200000001 /* LoCoApp.swift in Sources */,
				AA0001022D97B1E200000001 /* Contact.swift in Sources */,
				AA0001042D97B1E200000001 /* ContactStore.swift in Sources */,
				AA0001052D97B1E200000001 /* ContactsView.swift in Sources */,
				AA0001062D97B1E200000001 /* ContactView.swift in Sources */,
			);
			runOnlyForDeploymentPostprocessing = 0;
		};
/* End PBXSourcesBuildPhase section */

/* Begin XCBuildConfiguration section */
		AA0007012D97B1E200000001 /* Debug */ = {
			isa = XCBuildConfiguration;
			buildSettings = {
				ALWAYS_SEARCH_USER_PATHS = NO;
				CLANG_ANALYZER_NONNULL = YES;
				CLANG_ANALYZER_NUMBER_OBJECT_CONVERSION = YES_AGGRESSIVE;
				CLANG_CXX_LANGUAGE_STANDARD = "gnu++14";
				CLANG_CXX_LIBRARY = "libc++";
				CLANG_ENABLE_MODULES = YES;
				CLANG_ENABLE_OBJC_ARC = YES;
				CLANG_ENABLE_OBJC_WEAK = YES;
				CLANG_WARN_BLOCK_CAPTURE_AUTORELEASING = YES;
				CLANG_WARN_BOOL_CONVERSION = YES;
				CLANG_WARN_COMMA = YES;
				CLANG_WARN_CONSTANT_CONVERSION = YES;
				CLANG_WARN_DEPRECATED_OBJC_IMPLEMENTATIONS = YES;
				CLANG_WARN_DIRECT_OBJC_ISA_USAGE = YES_ERROR;
				CLANG_WARN_DOCUMENTATION_COMMENTS = YES;
				CLANG_WARN_EMPTY_BODY = YES;
				CLANG_WARN_ENUM_CONVERSION = YES;
				CLANG_WARN_INFINITE_RECURSION = YES;
				CLANG_WARN_INT_CONVERSION = YES;
				CLANG_WARN_NON_LITERAL_NULL_CONVERSION = YES;
				CLANG_WARN_OBJC_IMPLICIT_RETAIN_SELF = YES;
				CLANG_WARN_OBJC_LITERAL_CONVERSION = YES;
				CLANG_WARN_OBJC_ROOT_CLASS = YES_ERROR;
				CLANG_WARN_QUOTED_INCLUDE_IN_FRAMEWORK_HEADER = YES;
				CLANG_WARN_RANGE_LOOP_ANALYSIS = YES;
				CLANG_WARN_STRICT_PROTOTYPES = YES;
				CLANG_WARN_SUSPICIOUS_MOVE = YES;
				CLANG_WARN_UNGUARDED_AVAILABILITY = YES_AGGRESSIVE;
				CLANG_WARN_UNREACHABLE_CODE = YES;
				CLANG_WARN__DUPLICATE_METHOD_MATCH = YES;
				COPY_PHASE_STRIP = NO;
				DEBUG_INFORMATION_FORMAT = dwarf;
				ENABLE_STRICT_OBJC_MSGSEND = YES;
				ENABLE_TESTABILITY = YES;
				ENABLE_USER_SCRIPT_SANDBOXING = YES;
				GCC_C_LANGUAGE_STANDARD = gnu11;
				GCC_DYNAMIC_NO_PIC = NO;
				GCC_NO_COMMON_BLOCKS = YES;
				GCC_OPTIMIZATION_LEVEL = 0;
				GCC_PREPROCESSOR_DEFINITIONS = (
					"DEBUG=1",
					"$(inherited)",
				);
				GCC_WARN_64_TO_32_BIT_CONVERSION = YES;
				GCC_WARN_ABOUT_RETURN_TYPE = YES_ERROR;
				GCC_WARN_UNDECLARED_SELECTOR = YES;
				GCC_WARN_UNINITIALIZED_AUTOS = YES_AGGRESSIVE;
				GCC_WARN_UNUSED_FUNCTION = YES;
				GCC_WARN_UNUSED_VARIABLE = YES;
				IPHONEOS_DEPLOYMENT_TARGET = 18.0;
				MTL_ENABLE_DEBUG_INFO = INCLUDE_SOURCE;
				MTL_FAST_MATH = YES;
				ONLY_ACTIVE_ARCH = YES;
				SDKROOT = iphoneos;
				STRING_CATALOG_GENERATE_SYMBOLS = YES;
				SWIFT_ACTIVE_COMPILATION_CONDITIONS = "$(inherited) DEBUG";
				SWIFT_OPTIMIZATION_LEVEL = "-Onone";
			};
			name = Debug;
		};
		AA0007022D97B1E200000001 /* Release */ = {
			isa = XCBuildConfiguration;
			buildSettings = {
				ALWAYS_SEARCH_USER_PATHS = NO;
				CLANG_ANALYZER_NONNULL = YES;
				CLANG_ANALYZER_NUMBER_OBJECT_CONVERSION = YES_AGGRESSIVE;
				CLANG_CXX_LANGUAGE_STANDARD = "gnu++14";
				CLANG_CXX_LIBRARY = "libc++";
				CLANG_ENABLE_MODULES = YES;
				CLANG_ENABLE_OBJC_ARC = YES;
				CLANG_ENABLE_OBJC_WEAK = YES;
				CLANG_WARN_BLOCK_CAPTURE_AUTORELEASING = YES;
				CLANG_WARN_BOOL_CONVERSION = YES;
				CLANG_WARN_COMMA = YES;
				CLANG_WARN_CONSTANT_CONVERSION = YES;
				CLANG_WARN_DEPRECATED_OBJC_IMPLEMENTATIONS = YES;
				CLANG_WARN_DIRECT_OBJC_ISA_USAGE = YES_ERROR;
				CLANG_WARN_DOCUMENTATION_COMMENTS = YES;
				CLANG_WARN_EMPTY_BODY = YES;
				CLANG_WARN_ENUM_CONVERSION = YES;
				CLANG_WARN_INFINITE_RECURSION = YES;
				CLANG_WARN_INT_CONVERSION = YES;
				CLANG_WARN_NON_LITERAL_NULL_CONVERSION = YES;
				CLANG_WARN_OBJC_IMPLICIT_RETAIN_SELF = YES;
				CLANG_WARN_OBJC_LITERAL_CONVERSION = YES;
				CLANG_WARN_OBJC_ROOT_CLASS = YES_ERROR;
				CLANG_WARN_QUOTED_INCLUDE_IN_FRAMEWORK_HEADER = YES;
				CLANG_WARN_RANGE_LOOP_ANALYSIS = YES;
				CLANG_WARN_STRICT_PROTOTYPES = YES;
				CLANG_WARN_SUSPICIOUS_MOVE = YES;
				CLANG_WARN_UNGUARDED_AVAILABILITY = YES_AGGRESSIVE;
				CLANG_WARN_UNREACHABLE_CODE = YES;
				CLANG_WARN__DUPLICATE_METHOD_MATCH = YES;
				COPY_PHASE_STRIP = NO;
				DEBUG_INFORMATION_FORMAT = "dwarf-with-dsym";
				ENABLE_NS_ASSERTIONS = NO;
				ENABLE_STRICT_OBJC_MSGSEND = YES;
				ENABLE_USER_SCRIPT_SANDBOXING = YES;
				GCC_C_LANGUAGE_STANDARD = gnu11;
				GCC_NO_COMMON_BLOCKS = YES;
				GCC_WARN_64_TO_32_BIT_CONVERSION = YES;
				GCC_WARN_ABOUT_RETURN_TYPE = YES_ERROR;
				GCC_WARN_UNDECLARED_SELECTOR = YES;
				GCC_WARN_UNINITIALIZED_AUTOS = YES_AGGRESSIVE;
				GCC_WARN_UNUSED_FUNCTION = YES;
				GCC_WARN_UNUSED_VARIABLE = YES;
				IPHONEOS_DEPLOYMENT_TARGET = 18.0;
				MTL_ENABLE_DEBUG_INFO = NO;
				MTL_FAST_MATH = YES;
				SDKROOT = iphoneos;
				STRING_CATALOG_GENERATE_SYMBOLS = YES;
				SWIFT_COMPILATION_MODE = wholemodule;
				SWIFT_OPTIMIZATION_LEVEL = "-O";
				VALIDATE_PRODUCT = YES;
			};
			name = Release;
		};
		AA0007032D97B1E200000001 /* Debug */ = {
			isa = XCBuildConfiguration;
			buildSettings = {
				ASSETCATALOG_COMPILER_APPICON_NAME = AppIcon;
				CODE_SIGN_ENTITLEMENTS = LoCo/LoCo.entitlements;
				CODE_SIGN_STYLE = Automatic;
				DEVELOPMENT_ASSET_PATHS = "\"LoCo/Preview Content\"";
				ENABLE_PREVIEWS = YES;
				GENERATE_INFOPLIST_FILE = YES;
				INFOPLIST_KEY_UIApplicationSceneManifest_Generation = YES;
				INFOPLIST_KEY_UIApplicationSupportsIndirectInputEvents = YES;
				INFOPLIST_KEY_UILaunchScreen_Generation = YES;
				INFOPLIST_KEY_UISupportedInterfaceOrientations = UIInterfaceOrientationPortrait;
				INFOPLIST_KEY_UISupportedInterfaceOrientations_iPad = "UIInterfaceOrientationPortrait UIInterfaceOrientationPortraitUpsideDown";
				LD_RUNPATH_SEARCH_PATHS = (
					"$(inherited)",
					"@executable_path/Frameworks",
				);
				PRODUCT_BUNDLE_IDENTIFIER = com.mentalfaculty.loco;
				PRODUCT_NAME = "$(TARGET_NAME)";
				SUPPORTED_PLATFORMS = "iphoneos iphonesimulator";
				SUPPORTS_MACCATALYST = NO;
				SUPPORTS_MAC_DESIGNED_FOR_IPHONE_IPAD = NO;
				SUPPORTS_XR_DESIGNED_FOR_IPHONE_IPAD = NO;
				SWIFT_EMIT_LOC_STRINGS = YES;
				SWIFT_VERSION = 6.0;
				TARGETED_DEVICE_FAMILY = 1;
			};
			name = Debug;
		};
		AA0007042D97B1E200000001 /* Release */ = {
			isa = XCBuildConfiguration;
			buildSettings = {
				ASSETCATALOG_COMPILER_APPICON_NAME = AppIcon;
				CODE_SIGN_ENTITLEMENTS = LoCo/LoCo.entitlements;
				CODE_SIGN_STYLE = Automatic;
				DEVELOPMENT_ASSET_PATHS = "\"LoCo/Preview Content\"";
				ENABLE_PREVIEWS = YES;
				GENERATE_INFOPLIST_FILE = YES;
				INFOPLIST_KEY_UIApplicationSceneManifest_Generation = YES;
				INFOPLIST_KEY_UIApplicationSupportsIndirectInputEvents = YES;
				INFOPLIST_KEY_UILaunchScreen_Generation = YES;
				INFOPLIST_KEY_UISupportedInterfaceOrientations = UIInterfaceOrientationPortrait;
				INFOPLIST_KEY_UISupportedInterfaceOrientations_iPad = "UIInterfaceOrientationPortrait UIInterfaceOrientationPortraitUpsideDown";
				LD_RUNPATH_SEARCH_PATHS = (
					"$(inherited)",
					"@executable_path/Frameworks",
				);
				PRODUCT_BUNDLE_IDENTIFIER = com.mentalfaculty.loco;
				PRODUCT_NAME = "$(TARGET_NAME)";
				SUPPORTED_PLATFORMS = "iphoneos iphonesimulator";
				SUPPORTS_MACCATALYST = NO;
				SUPPORTS_MAC_DESIGNED_FOR_IPHONE_IPAD = NO;
				SUPPORTS_XR_DESIGNED_FOR_IPHONE_IPAD = NO;
				SWIFT_EMIT_LOC_STRINGS = YES;
				SWIFT_VERSION = 6.0;
				TARGETED_DEVICE_FAMILY = 1;
			};
			name = Release;
		};
/* End XCBuildConfiguration section */

/* Begin XCConfigurationList section */
		AA0008012D97B1E200000001 /* Build configuration list for PBXProject "LoCo" */ = {
			isa = XCConfigurationList;
			buildConfigurations = (
				AA0007012D97B1E200000001 /* Debug */,
				AA0007022D97B1E200000001 /* Release */,
			);
			defaultConfigurationIsVisible = 0;
			defaultConfigurationName = Release;
		};
		AA0008022D97B1E200000001 /* Build configuration list for PBXNativeTarget "LoCo" */ = {
			isa = XCConfigurationList;
			buildConfigurations = (
				AA0007032D97B1E200000001 /* Debug */,
				AA0007042D97B1E200000001 /* Release */,
			);
			defaultConfigurationIsVisible = 0;
			defaultConfigurationName = Release;
		};
/* End XCConfigurationList section */

/* Begin XCLocalSwiftPackageReference section */
		AA0009012D97B1E200000001 /* XCLocalSwiftPackageReference "../.." */ = {
			isa = XCLocalSwiftPackageReference;
			relativePath = ../..;
		};
/* End XCLocalSwiftPackageReference section */

/* Begin XCSwiftPackageProductDependency section */
		AA000A012D97B1E200000001 /* LLVS */ = {
			isa = XCSwiftPackageProductDependency;
			package = AA0009012D97B1E200000001 /* XCLocalSwiftPackageReference "../.." */;
			productName = LLVS;
		};
		AA000A022D97B1E200000001 /* LLVSCloudKit */ = {
			isa = XCSwiftPackageProductDependency;
			package = AA0009012D97B1E200000001 /* XCLocalSwiftPackageReference "../.." */;
			productName = LLVSCloudKit;
		};
		AA000A032D97B1E200000001 /* LLVSModel */ = {
			isa = XCSwiftPackageProductDependency;
			package = AA0009012D97B1E200000001 /* XCLocalSwiftPackageReference "../.." */;
			productName = LLVSModel;
		};
/* End XCSwiftPackageProductDependency section */
	};
	rootObject = AA0006012D97B1E200000001 /* Project object */;
}
