// !$*UTF8*$!
{
	archiveVersion = 1;
	classes = {
	};
	objectVersion = 52;
	objects = {

/* Begin PBXBuildFile section */
		07089E00232E17F2009A6AD9 /* ContactView.swift in Sources */ = {isa = PBXBuildFile; fileRef = 07089DFF232E17F2009A6AD9 /* ContactView.swift */; };
		0737B9A822D5141C0093CA5A /* CloudKit.framework in Frameworks */ = {isa = PBXBuildFile; fileRef = 0737B9A722D5141C0093CA5A /* CloudKit.framework */; };
		0737B9AA22D514490093CA5A /* Contact.swift in Sources */ = {isa = PBXBuildFile; fileRef = 0737B9A922D514490093CA5A /* Contact.swift */; };
		0737B9AC22D5155A0093CA5A /* Model.swift in Sources */ = {isa = PBXBuildFile; fileRef = 0737B9AB22D5155A0093CA5A /* Model.swift */; };
		0737B9AE22D5174A0093CA5A /* ContactsDataSource.swift in Sources */ = {isa = PBXBuildFile; fileRef = 0737B9AD22D5174A0093CA5A /* ContactsDataSource.swift */; };
		076B1D6622A8387E0061911B /* AppDelegate.swift in Sources */ = {isa = PBXBuildFile; fileRef = 076B1D6522A8387E0061911B /* AppDelegate.swift */; };
		076B1D6822A8387E0061911B /* SceneDelegate.swift in Sources */ = {isa = PBXBuildFile; fileRef = 076B1D6722A8387E0061911B /* SceneDelegate.swift */; };
		076B1D6A22A8387E0061911B /* ContactsView.swift in Sources */ = {isa = PBXBuildFile; fileRef = 076B1D6922A8387E0061911B /* ContactsView.swift */; };
		076B1D6C22A838800061911B /* Assets.xcassets in Resources */ = {isa = PBXBuildFile; fileRef = 076B1D6B22A838800061911B /* Assets.xcassets */; };
		076B1D6F22A838800061911B /* Preview Assets.xcassets in Resources */ = {isa = PBXBuildFile; fileRef = 076B1D6E22A838800061911B /* Preview Assets.xcassets */; };
		076B1D7222A838800061911B /* LaunchScreen.storyboard in Resources */ = {isa = PBXBuildFile; fileRef = 076B1D7022A838800061911B /* LaunchScreen.storyboard */; };
		0795DD7A22D5134800EB2DD6 /* LLVS in Resources */ = {isa = PBXBuildFile; fileRef = 0795DD7922D5134800EB2DD6 /* LLVS */; };
		0795DD7C22D5135300EB2DD6 /* LLVS in Frameworks */ = {isa = PBXBuildFile; productRef = 0795DD7B22D5135300EB2DD6 /* LLVS */; };
		0795DD7E22D5135300EB2DD6 /* LLVSCloudKit in Frameworks */ = {isa = PBXBuildFile; productRef = 0795DD7D22D5135300EB2DD6 /* LLVSCloudKit */; };
		07BFE5592332B62100CF6EB9 /* ContactCell.swift in Sources */ = {isa = PBXBuildFile; fileRef = 07BFE5582332B62100CF6EB9 /* ContactCell.swift */; };
/* End PBXBuildFile section */

/* Begin PBXFileReference section */
		07089DFF232E17F2009A6AD9 /* ContactView.swift */ = {isa = PBXFileReference; lastKnownFileType = sourcecode.swift; path = ContactView.swift; sourceTree = "<group>"; };
		0737B9A722D5141C0093CA5A /* CloudKit.framework */ = {isa = PBXFileReference; lastKnownFileType = wrapper.framework; name = CloudKit.framework; path = System/Library/Frameworks/CloudKit.framework; sourceTree = SDKROOT; };
		0737B9A922D514490093CA5A /* Contact.swift */ = {isa = PBXFileReference; lastKnownFileType = sourcecode.swift; path = Contact.swift; sourceTree = "<group>"; };
		0737B9AB22D5155A0093CA5A /* Model.swift */ = {isa = PBXFileReference; lastKnownFileType = sourcecode.swift; path = Model.swift; sourceTree = "<group>"; };
		0737B9AD22D5174A0093CA5A /* ContactsDataSource.swift */ = {isa = PBXFileReference; lastKnownFileType = sourcecode.swift; path = ContactsDataSource.swift; sourceTree = "<group>"; };
		076B1D6222A8387E0061911B /* LoCo-SwiftUI.app */ = {isa = PBXFileReference; explicitFileType = wrapper.application; includeInIndex = 0; path = "LoCo-SwiftUI.app"; sourceTree = BUILT_PRODUCTS_DIR; };
		076B1D6522A8387E0061911B /* AppDelegate.swift */ = {isa = PBXFileReference; lastKnownFileType = sourcecode.swift; path = AppDelegate.swift; sourceTree = "<group>"; };
		076B1D6722A8387E0061911B /* SceneDelegate.swift */ = {isa = PBXFileReference; lastKnownFileType = sourcecode.swift; path = SceneDelegate.swift; sourceTree = "<group>"; };
		076B1D6922A8387E0061911B /* ContactsView.swift */ = {isa = PBXFileReference; lastKnownFileType = sourcecode.swift; path = ContactsView.swift; sourceTree = "<group>"; };
		076B1D6B22A838800061911B /* Assets.xcassets */ = {isa = PBXFileReference; lastKnownFileType = folder.assetcatalog; path = Assets.xcassets; sourceTree = "<group>"; };
		076B1D6E22A838800061911B /* Preview Assets.xcassets */ = {isa = PBXFileReference; lastKnownFileType = folder.assetcatalog; path = "Preview Assets.xcassets"; sourceTree = "<group>"; };
		076B1D7122A838800061911B /* Base */ = {isa = PBXFileReference; lastKnownFileType = file.storyboard; name = Base; path = Base.lproj/LaunchScreen.storyboard; sourceTree = "<group>"; };
		076B1D7322A838800061911B /* Info.plist */ = {isa = PBXFileReference; lastKnownFileType = text.plist.xml; path = Info.plist; sourceTree = "<group>"; };
		07710252232D6382002A1585 /* LoCo-SwiftUI.entitlements */ = {isa = PBXFileReference; lastKnownFileType = text.plist.entitlements; path = "LoCo-SwiftUI.entitlements"; sourceTree = "<group>"; };
		0795DD7922D5134800EB2DD6 /* LLVS */ = {isa = PBXFileReference; lastKnownFileType = folder; name = LLVS; path = ../..; sourceTree = "<group>"; };
		07BFE5582332B62100CF6EB9 /* ContactCell.swift */ = {isa = PBXFileReference; lastKnownFileType = sourcecode.swift; path = ContactCell.swift; sourceTree = "<group>"; };
/* End PBXFileReference section */

/* Begin PBXFrameworksBuildPhase section */
		076B1D5F22A8387E0061911B /* Frameworks */ = {
			isa = PBXFrameworksBuildPhase;
			buildActionMask = 2147483647;
			files = (
				0737B9A822D5141C0093CA5A /* CloudKit.framework in Frameworks */,
				0795DD7E22D5135300EB2DD6 /* LLVSCloudKit in Frameworks */,
				0795DD7C22D5135300EB2DD6 /* LLVS in Frameworks */,
			);
			runOnlyForDeploymentPostprocessing = 0;
		};
/* End PBXFrameworksBuildPhase section */

/* Begin PBXGroup section */
		076B1D5922A8387E0061911B = {
			isa = PBXGroup;
			children = (
				0795DD7922D5134800EB2DD6 /* LLVS */,
				076B1D6422A8387E0061911B /* LoCo-SwiftUI */,
				076B1D6322A8387E0061911B /* Products */,
				0795DD7822D512AE00EB2DD6 /* Frameworks */,
			);
			sourceTree = "<group>";
		};
		076B1D6322A8387E0061911B /* Products */ = {
			isa = PBXGroup;
			children = (
				076B1D6222A8387E0061911B /* LoCo-SwiftUI.app */,
			);
			name = Products;
			sourceTree = "<group>";
		};
		076B1D6422A8387E0061911B /* LoCo-SwiftUI */ = {
			isa = PBXGroup;
			children = (
				07710252232D6382002A1585 /* LoCo-SwiftUI.entitlements */,
				076B1D6522A8387E0061911B /* AppDelegate.swift */,
				076B1D6722A8387E0061911B /* SceneDelegate.swift */,
				0737B9AD22D5174A0093CA5A /* ContactsDataSource.swift */,
				076B1D6922A8387E0061911B /* ContactsView.swift */,
				07BFE5582332B62100CF6EB9 /* ContactCell.swift */,
				07089DFF232E17F2009A6AD9 /* ContactView.swift */,
				0737B9A922D514490093CA5A /* Contact.swift */,
				0737B9AB22D5155A0093CA5A /* Model.swift */,
				076B1D6B22A838800061911B /* Assets.xcassets */,
				076B1D7022A838800061911B /* LaunchScreen.storyboard */,
				076B1D7322A838800061911B /* Info.plist */,
				076B1D6D22A838800061911B /* Preview Content */,
			);
			path = "LoCo-SwiftUI";
			sourceTree = "<group>";
		};
		076B1D6D22A838800061911B /* Preview Content */ = {
			isa = PBXGroup;
			children = (
				076B1D6E22A838800061911B /* Preview Assets.xcassets */,
			);
			path = "Preview Content";
			sourceTree = "<group>";
		};
		0795DD7822D512AE00EB2DD6 /* Frameworks */ = {
			isa = PBXGroup;
			children = (
				0737B9A722D5141C0093CA5A /* CloudKit.framework */,
			);
			name = Frameworks;
			sourceTree = "<group>";
		};
/* End PBXGroup section */

/* Begin PBXNativeTarget section */
		076B1D6122A8387E0061911B /* LoCo-SwiftUI */ = {
			isa = PBXNativeTarget;
			buildConfigurationList = 076B1D7622A838800061911B /* Build configuration list for PBXNativeTarget "LoCo-SwiftUI" */;
			buildPhases = (
				076B1D5E22A8387E0061911B /* Sources */,
				076B1D5F22A8387E0061911B /* Frameworks */,
				076B1D6022A8387E0061911B /* Resources */,
			);
			buildRules = (
			);
			dependencies = (
			);
			name = "LoCo-SwiftUI";
			packageProductDependencies = (
				0795DD7B22D5135300EB2DD6 /* LLVS */,
				0795DD7D22D5135300EB2DD6 /* LLVSCloudKit */,
			);
			productName = "LoCo-SwiftUI";
			productReference = 076B1D6222A8387E0061911B /* LoCo-SwiftUI.app */;
			productType = "com.apple.product-type.application";
		};
/* End PBXNativeTarget section */

/* Begin PBXProject section */
		076B1D5A22A8387E0061911B /* Project object */ = {
			isa = PBXProject;
			attributes = {
				LastSwiftUpdateCheck = 1100;
				LastUpgradeCheck = 1100;
				ORGANIZATIONNAME = "The Mental Faculty B.V.";
				TargetAttributes = {
					076B1D6122A8387E0061911B = {
						CreatedOnToolsVersion = 11.0;
					};
				};
			};
			buildConfigurationList = 076B1D5D22A8387E0061911B /* Build configuration list for PBXProject "LoCo-SwiftUI" */;
			compatibilityVersion = "Xcode 11.0";
			developmentRegion = en;
			hasScannedForEncodings = 0;
			knownRegions = (
				en,
				Base,
			);
			mainGroup = 076B1D5922A8387E0061911B;
			productRefGroup = 076B1D6322A8387E0061911B /* Products */;
			projectDirPath = "";
			projectRoot = "";
			targets = (
				076B1D6122A8387E0061911B /* LoCo-SwiftUI */,
			);
		};
/* End PBXProject section */

/* Begin PBXResourcesBuildPhase section */
		076B1D6022A8387E0061911B /* Resources */ = {
			isa = PBXResourcesBuildPhase;
			buildActionMask = 2147483647;
			files = (
				076B1D7222A838800061911B /* LaunchScreen.storyboard in Resources */,
				0795DD7A22D5134800EB2DD6 /* LLVS in Resources */,
				076B1D6F22A838800061911B /* Preview Assets.xcassets in Resources */,
				076B1D6C22A838800061911B /* Assets.xcassets in Resources */,
			);
			runOnlyForDeploymentPostprocessing = 0;
		};
/* End PBXResourcesBuildPhase section */

/* Begin PBXSourcesBuildPhase section */
		076B1D5E22A8387E0061911B /* Sources */ = {
			isa = PBXSourcesBuildPhase;
			buildActionMask = 2147483647;
			files = (
				07BFE5592332B62100CF6EB9 /* ContactCell.swift in Sources */,
				0737B9AC22D5155A0093CA5A /* Model.swift in Sources */,
				0737B9AA22D514490093CA5A /* Contact.swift in Sources */,
				076B1D6622A8387E0061911B /* AppDelegate.swift in Sources */,
				076B1D6822A8387E0061911B /* SceneDelegate.swift in Sources */,
				07089E00232E17F2009A6AD9 /* ContactView.swift in Sources */,
				076B1D6A22A8387E0061911B /* ContactsView.swift in Sources */,
				0737B9AE22D5174A0093CA5A /* ContactsDataSource.swift in Sources */,
			);
			runOnlyForDeploymentPostprocessing = 0;
		};
/* End PBXSourcesBuildPhase section */

/* Begin PBXVariantGroup section */
		076B1D7022A838800061911B /* LaunchScreen.storyboard */ = {
			isa = PBXVariantGroup;
			children = (
				076B1D7122A838800061911B /* Base */,
			);
			name = LaunchScreen.storyboard;
			sourceTree = "<group>";
		};
/* End PBXVariantGroup section */

/* Begin XCBuildConfiguration section */
		076B1D7422A838800061911B /* Debug */ = {
			isa = XCBuildConfiguration;
			buildSettings = {
				ALWAYS_SEARCH_USER_PATHS = NO;
				CLANG_ANALYZER_NONNULL = YES;
				CLANG_ANALYZER_NUMBER_OBJECT_CONVERSION = YES_AGGRESSIVE;
				CLANG_CXX_LANGUAGE_STANDARD = "gnu++14";
				CLANG_CXX_LIBRARY = "libc++";
				CLANG_ENABLE_MODULES = YES;
				CLANG_ENABLE_OBJC_ARC = YES;
				CLANG_ENABLE_OBJC_WEAK = YES;
				CLANG_WARN_BLOCK_CAPTURE_AUTORELEASING = YES;
				CLANG_WARN_BOOL_CONVERSION = YES;
				CLANG_WARN_COMMA = YES;
				CLANG_WARN_CONSTANT_CONVERSION = YES;
				CLANG_WARN_DEPRECATED_OBJC_IMPLEMENTATIONS = YES;
				CLANG_WARN_DIRECT_OBJC_ISA_USAGE = YES_ERROR;
				CLANG_WARN_DOCUMENTATION_COMMENTS = YES;
				CLANG_WARN_EMPTY_BODY = YES;
				CLANG_WARN_ENUM_CONVERSION = YES;
				CLANG_WARN_INFINITE_RECURSION = YES;
				CLANG_WARN_INT_CONVERSION = YES;
				CLANG_WARN_NON_LITERAL_NULL_CONVERSION = YES;
				CLANG_WARN_OBJC_IMPLICIT_RETAIN_SELF = YES;
				CLANG_WARN_OBJC_LITERAL_CONVERSION = YES;
				CLANG_WARN_OBJC_ROOT_CLASS = YES_ERROR;
				CLANG_WARN_RANGE_LOOP_ANALYSIS = YES;
				CLANG_WARN_STRICT_PROTOTYPES = YES;
				CLANG_WARN_SUSPICIOUS_MOVE = YES;
				CLANG_WARN_UNGUARDED_AVAILABILITY = YES_AGGRESSIVE;
				CLANG_WARN_UNREACHABLE_CODE = YES;
				CLANG_WARN__DUPLICATE_METHOD_MATCH = YES;
				COPY_PHASE_STRIP = NO;
				DEBUG_INFORMATION_FORMAT = dwarf;
				ENABLE_STRICT_OBJC_MSGSEND = YES;
				ENABLE_TESTABILITY = YES;
				GCC_C_LANGUAGE_STANDARD = gnu11;
				GCC_DYNAMIC_NO_PIC = NO;
				GCC_NO_COMMON_BLOCKS = YES;
				GCC_OPTIMIZATION_LEVEL = 0;
				GCC_PREPROCESSOR_DEFINITIONS = (
					"DEBUG=1",
					"$(inherited)",
				);
				GCC_WARN_64_TO_32_BIT_CONVERSION = YES;
				GCC_WARN_ABOUT_RETURN_TYPE = YES_ERROR;
				GCC_WARN_UNDECLARED_SELECTOR = YES;
				GCC_WARN_UNINITIALIZED_AUTOS = YES_AGGRESSIVE;
				GCC_WARN_UNUSED_FUNCTION = YES;
				GCC_WARN_UNUSED_VARIABLE = YES;
				IPHONEOS_DEPLOYMENT_TARGET = 13.0;
				MTL_ENABLE_DEBUG_INFO = INCLUDE_SOURCE;
				MTL_FAST_MATH = YES;
				ONLY_ACTIVE_ARCH = YES;
				SDKROOT = iphoneos;
				SWIFT_ACTIVE_COMPILATION_CONDITIONS = DEBUG;
				SWIFT_OPTIMIZATION_LEVEL = "-Onone";
			};
			name = Debug;
		};
		076B1D7522A838800061911B /* Release */ = {
			isa = XCBuildConfiguration;
			buildSettings = {
				ALWAYS_SEARCH_USER_PATHS = NO;
				CLANG_ANALYZER_NONNULL = YES;
				CLANG_ANALYZER_NUMBER_OBJECT_CONVERSION = YES_AGGRESSIVE;
				CLANG_CXX_LANGUAGE_STANDARD = "gnu++14";
				CLANG_CXX_LIBRARY = "libc++";
				CLANG_ENABLE_MODULES = YES;
				CLANG_ENABLE_OBJC_ARC = YES;
				CLANG_ENABLE_OBJC_WEAK = YES;
				CLANG_WARN_BLOCK_CAPTURE_AUTORELEASING = YES;
				CLANG_WARN_BOOL_CONVERSION = YES;
				CLANG_WARN_COMMA = YES;
				CLANG_WARN_CONSTANT_CONVERSION = YES;
				CLANG_WARN_DEPRECATED_OBJC_IMPLEMENTATIONS = YES;
				CLANG_WARN_DIRECT_OBJC_ISA_USAGE = YES_ERROR;
				CLANG_WARN_DOCUMENTATION_COMMENTS = YES;
				CLANG_WARN_EMPTY_BODY = YES;
				CLANG_WARN_ENUM_CONVERSION = YES;
				CLANG_WARN_INFINITE_RECURSION = YES;
				CLANG_WARN_INT_CONVERSION = YES;
				CLANG_WARN_NON_LITERAL_NULL_CONVERSION = YES;
				CLANG_WARN_OBJC_IMPLICIT_RETAIN_SELF = YES;
				CLANG_WARN_OBJC_LITERAL_CONVERSION = YES;
				CLANG_WARN_OBJC_ROOT_CLASS = YES_ERROR;
				CLANG_WARN_RANGE_LOOP_ANALYSIS = YES;
				CLANG_WARN_STRICT_PROTOTYPES = YES;
				CLANG_WARN_SUSPICIOUS_MOVE = YES;
				CLANG_WARN_UNGUARDED_AVAILABILITY = YES_AGGRESSIVE;
				CLANG_WARN_UNREACHABLE_CODE = YES;
				CLANG_WARN__DUPLICATE_METHOD_MATCH = YES;
				COPY_PHASE_STRIP = NO;
				DEBUG_INFORMATION_FORMAT = "dwarf-with-dsym";
				ENABLE_NS_ASSERTIONS = NO;
				ENABLE_STRICT_OBJC_MSGSEND = YES;
				GCC_C_LANGUAGE_STANDARD = gnu11;
				GCC_NO_COMMON_BLOCKS = YES;
				GCC_WARN_64_TO_32_BIT_CONVERSION = YES;
				GCC_WARN_ABOUT_RETURN_TYPE = YES_ERROR;
				GCC_WARN_UNDECLARED_SELECTOR = YES;
				GCC_WARN_UNINITIALIZED_AUTOS = YES_AGGRESSIVE;
				GCC_WARN_UNUSED_FUNCTION = YES;
				GCC_WARN_UNUSED_VARIABLE = YES;
				IPHONEOS_DEPLOYMENT_TARGET = 13.0;
				MTL_ENABLE_DEBUG_INFO = NO;
				MTL_FAST_MATH = YES;
				SDKROOT = iphoneos;
				SWIFT_COMPILATION_MODE = wholemodule;
				SWIFT_OPTIMIZATION_LEVEL = "-O";
				VALIDATE_PRODUCT = YES;
			};
			name = Release;
		};
		076B1D7722A838800061911B /* Debug */ = {
			isa = XCBuildConfiguration;
			buildSettings = {
				ASSETCATALOG_COMPILER_APPICON_NAME = AppIcon;
				CODE_SIGN_ENTITLEMENTS = "LoCo-SwiftUI/LoCo-SwiftUI.entitlements";
				CODE_SIGN_STYLE = Automatic;
				DEVELOPMENT_ASSET_PATHS = "LoCo-SwiftUI/Preview\\ Content";
				DEVELOPMENT_TEAM = P7BXV6PHLD;
				ENABLE_PREVIEWS = YES;
				INFOPLIST_FILE = "LoCo-SwiftUI/Info.plist";
				LD_RUNPATH_SEARCH_PATHS = (
					"$(inherited)",
					"@executable_path/Frameworks",
				);
				PRODUCT_BUNDLE_IDENTIFIER = "com.mentalfaculty.loco-swiftui";
				PRODUCT_NAME = "$(TARGET_NAME)";
				SWIFT_VERSION = 5.0;
				TARGETED_DEVICE_FAMILY = 1;
			};
			name = Debug;
		};
		076B1D7822A838800061911B /* Release */ = {
			isa = XCBuildConfiguration;
			buildSettings = {
				ASSETCATALOG_COMPILER_APPICON_NAME = AppIcon;
				CODE_SIGN_ENTITLEMENTS = "LoCo-SwiftUI/LoCo-SwiftUI.entitlements";
				CODE_SIGN_STYLE = Automatic;
				DEVELOPMENT_ASSET_PATHS = "LoCo-SwiftUI/Preview\\ Content";
				DEVELOPMENT_TEAM = P7BXV6PHLD;
				ENABLE_PREVIEWS = YES;
				INFOPLIST_FILE = "LoCo-SwiftUI/Info.plist";
				LD_RUNPATH_SEARCH_PATHS = (
					"$(inherited)",
					"@executable_path/Frameworks",
				);
				PRODUCT_BUNDLE_IDENTIFIER = "com.mentalfaculty.loco-swiftui";
				PRODUCT_NAME = "$(TARGET_NAME)";
				SWIFT_VERSION = 5.0;
				TARGETED_DEVICE_FAMILY = 1;
			};
			name = Release;
		};
/* End XCBuildConfiguration section */

/* Begin XCConfigurationList section */
		076B1D5D22A8387E0061911B /* Build configuration list for PBXProject "LoCo-SwiftUI" */ = {
			isa = XCConfigurationList;
			buildConfigurations = (
				076B1D7422A838800061911B /* Debug */,
				076B1D7522A838800061911B /* Release */,
			);
			defaultConfigurationIsVisible = 0;
			defaultConfigurationName = Release;
		};
		076B1D7622A838800061911B /* Build configuration list for PBXNativeTarget "LoCo-SwiftUI" */ = {
			isa = XCConfigurationList;
			buildConfigurations = (
				076B1D7722A838800061911B /* Debug */,
				076B1D7822A838800061911B /* Release */,
			);
			defaultConfigurationIsVisible = 0;
			defaultConfigurationName = Release;
		};
/* End XCConfigurationList section */

/* Begin XCSwiftPackageProductDependency section */
		0795DD7B22D5135300EB2DD6 /* LLVS */ = {
			isa = XCSwiftPackageProductDependency;
			productName = LLVS;
		};
		0795DD7D22D5135300EB2DD6 /* LLVSCloudKit */ = {
			isa = XCSwiftPackageProductDependency;
			productName = LLVSCloudKit;
		};
/* End XCSwiftPackageProductDependency section */
	};
	rootObject = 076B1D5A22A8387E0061911B /* Project object */;
}
